
Microsoft Visual Studio Solution File, Format Version 12.00
# Visual Studio Version 17
VisualStudioVersion = 17.13.35828.75
MinimumVisualStudioVersion = 10.0.40219.1
Project("{8BC9CEB8-8B4A-11D0-8D11-00A0C91BC942}") = "Assignment_1", "Assignment_1\Assignment_1.vcxproj", "{88C875B9-158E-4827-B692-B20A730CF7CE}"
EndProject
Project("{8BC9CEB8-8B4A-11D0-8D11-00A0C91BC942}") = "Week_10", "Week 9\Week 9.vcxproj", "{A9B897F3-BF52-4E69-991C-95E7720111E8}"
EndProject
Project("{8BC9CEB8-8B4A-11D0-8D11-00A0C91BC942}") = "week_9", "week 10\week 10.vcxproj", "{FA3F6716-0A76-4D07-B4B0-5EEADFEB54BE}"
EndProject
Project("{8BC9CEB8-8B4A-11D0-8D11-00A0C91BC942}") = "week_7", "week_7\week_7.vcxproj", "{5A01311B-636E-442E-9E18-6122EF95AC07}"
EndProject
Project("{8BC9CEB8-8B4A-11D0-8D11-00A0C91BC942}") = "week_6", "week_6\week_6.vcxproj", "{536409B5-1586-4CA2-A9F4-86F4A366D78F}"
EndProject
Project("{8BC9CEB8-8B4A-11D0-8D11-00A0C91BC942}") = "Week_2", "Week_2\Week_2.vcxproj", "{E01EB5AB-699E-4351-896C-8AD06DB723D8}"
EndProject
Project("{8BC9CEB8-8B4A-11D0-8D11-00A0C91BC942}") = "week_4", "week_4\week_4.vcxproj", "{349BFAD8-FDDF-4F67-8ED2-4D6D5BC4E749}"
EndProject
Project("{8BC9CEB8-8B4A-11D0-8D11-00A0C91BC942}") = "week_5", "week_5\week_5.vcxproj", "{41541819-5263-4A72-BA5D-796C7B1F05BC}"
EndProject
Project("{8BC9CEB8-8B4A-11D0-8D11-00A0C91BC942}") = "Assignment_2", "Assignment_2\Assignment_2.vcxproj", "{4DC34338-D58D-47C6-BDE8-ACEA829359A7}"
EndProject
Global
	GlobalSection(SolutionConfigurationPlatforms) = preSolution
		Debug|x64 = Debug|x64
		Debug|x86 = Debug|x86
		Release|x64 = Release|x64
		Release|x86 = Release|x86
	EndGlobalSection
	GlobalSection(ProjectConfigurationPlatforms) = postSolution
		{88C875B9-158E-4827-B692-B20A730CF7CE}.Debug|x64.ActiveCfg = Debug|x64
		{88C875B9-158E-4827-B692-B20A730CF7CE}.Debug|x64.Build.0 = Debug|x64
		{88C875B9-158E-4827-B692-B20A730CF7CE}.Debug|x86.ActiveCfg = Debug|Win32
		{88C875B9-158E-4827-B692-B20A730CF7CE}.Debug|x86.Build.0 = Debug|Win32
		{88C875B9-158E-4827-B692-B20A730CF7CE}.Release|x64.ActiveCfg = Release|x64
		{88C875B9-158E-4827-B692-B20A730CF7CE}.Release|x64.Build.0 = Release|x64
		{88C875B9-158E-4827-B692-B20A730CF7CE}.Release|x86.ActiveCfg = Release|Win32
		{88C875B9-158E-4827-B692-B20A730CF7CE}.Release|x86.Build.0 = Release|Win32
		{A9B897F3-BF52-4E69-991C-95E7720111E8}.Debug|x64.ActiveCfg = Debug|x64
		{A9B897F3-BF52-4E69-991C-95E7720111E8}.Debug|x64.Build.0 = Debug|x64
		{A9B897F3-BF52-4E69-991C-95E7720111E8}.Debug|x86.ActiveCfg = Debug|Win32
		{A9B897F3-BF52-4E69-991C-95E7720111E8}.Debug|x86.Build.0 = Debug|Win32
		{A9B897F3-BF52-4E69-991C-95E7720111E8}.Release|x64.ActiveCfg = Release|x64
		{A9B897F3-BF52-4E69-991C-95E7720111E8}.Release|x64.Build.0 = Release|x64
		{A9B897F3-BF52-4E69-991C-95E7720111E8}.Release|x86.ActiveCfg = Release|Win32
		{A9B897F3-BF52-4E69-991C-95E7720111E8}.Release|x86.Build.0 = Release|Win32
		{FA3F6716-0A76-4D07-B4B0-5EEADFEB54BE}.Debug|x64.ActiveCfg = Debug|x64
		{FA3F6716-0A76-4D07-B4B0-5EEADFEB54BE}.Debug|x64.Build.0 = Debug|x64
		{FA3F6716-0A76-4D07-B4B0-5EEADFEB54BE}.Debug|x86.ActiveCfg = Debug|Win32
		{FA3F6716-0A76-4D07-B4B0-5EEADFEB54BE}.Debug|x86.Build.0 = Debug|Win32
		{FA3F6716-0A76-4D07-B4B0-5EEADFEB54BE}.Release|x64.ActiveCfg = Release|x64
		{FA3F6716-0A76-4D07-B4B0-5EEADFEB54BE}.Release|x64.Build.0 = Release|x64
		{FA3F6716-0A76-4D07-B4B0-5EEADFEB54BE}.Release|x86.ActiveCfg = Release|Win32
		{FA3F6716-0A76-4D07-B4B0-5EEADFEB54BE}.Release|x86.Build.0 = Release|Win32
		{5A01311B-636E-442E-9E18-6122EF95AC07}.Debug|x64.ActiveCfg = Debug|x64
		{5A01311B-636E-442E-9E18-6122EF95AC07}.Debug|x64.Build.0 = Debug|x64
		{5A01311B-636E-442E-9E18-6122EF95AC07}.Debug|x86.ActiveCfg = Debug|Win32
		{5A01311B-636E-442E-9E18-6122EF95AC07}.Debug|x86.Build.0 = Debug|Win32
		{5A01311B-636E-442E-9E18-6122EF95AC07}.Release|x64.ActiveCfg = Release|x64
		{5A01311B-636E-442E-9E18-6122EF95AC07}.Release|x64.Build.0 = Release|x64
		{5A01311B-636E-442E-9E18-6122EF95AC07}.Release|x86.ActiveCfg = Release|Win32
		{5A01311B-636E-442E-9E18-6122EF95AC07}.Release|x86.Build.0 = Release|Win32
		{536409B5-1586-4CA2-A9F4-86F4A366D78F}.Debug|x64.ActiveCfg = Debug|x64
		{536409B5-1586-4CA2-A9F4-86F4A366D78F}.Debug|x64.Build.0 = Debug|x64
		{536409B5-1586-4CA2-A9F4-86F4A366D78F}.Debug|x86.ActiveCfg = Debug|Win32
		{536409B5-1586-4CA2-A9F4-86F4A366D78F}.Debug|x86.Build.0 = Debug|Win32
		{536409B5-1586-4CA2-A9F4-86F4A366D78F}.Release|x64.ActiveCfg = Release|x64
		{536409B5-1586-4CA2-A9F4-86F4A366D78F}.Release|x64.Build.0 = Release|x64
		{536409B5-1586-4CA2-A9F4-86F4A366D78F}.Release|x86.ActiveCfg = Release|Win32
		{536409B5-1586-4CA2-A9F4-86F4A366D78F}.Release|x86.Build.0 = Release|Win32
		{E01EB5AB-699E-4351-896C-8AD06DB723D8}.Debug|x64.ActiveCfg = Debug|x64
		{E01EB5AB-699E-4351-896C-8AD06DB723D8}.Debug|x64.Build.0 = Debug|x64
		{E01EB5AB-699E-4351-896C-8AD06DB723D8}.Debug|x86.ActiveCfg = Debug|Win32
		{E01EB5AB-699E-4351-896C-8AD06DB723D8}.Debug|x86.Build.0 = Debug|Win32
		{E01EB5AB-699E-4351-896C-8AD06DB723D8}.Release|x64.ActiveCfg = Release|x64
		{E01EB5AB-699E-4351-896C-8AD06DB723D8}.Release|x64.Build.0 = Release|x64
		{E01EB5AB-699E-4351-896C-8AD06DB723D8}.Release|x86.ActiveCfg = Release|Win32
		{E01EB5AB-699E-4351-896C-8AD06DB723D8}.Release|x86.Build.0 = Release|Win32
		{349BFAD8-FDDF-4F67-8ED2-4D6D5BC4E749}.Debug|x64.ActiveCfg = Debug|x64
		{349BFAD8-FDDF-4F67-8ED2-4D6D5BC4E749}.Debug|x64.Build.0 = Debug|x64
		{349BFAD8-FDDF-4F67-8ED2-4D6D5BC4E749}.Debug|x86.ActiveCfg = Debug|Win32
		{349BFAD8-FDDF-4F67-8ED2-4D6D5BC4E749}.Debug|x86.Build.0 = Debug|Win32
		{349BFAD8-FDDF-4F67-8ED2-4D6D5BC4E749}.Release|x64.ActiveCfg = Release|x64
		{349BFAD8-FDDF-4F67-8ED2-4D6D5BC4E749}.Release|x64.Build.0 = Release|x64
		{349BFAD8-FDDF-4F67-8ED2-4D6D5BC4E749}.Release|x86.ActiveCfg = Release|Win32
		{349BFAD8-FDDF-4F67-8ED2-4D6D5BC4E749}.Release|x86.Build.0 = Release|Win32
		{41541819-5263-4A72-BA5D-796C7B1F05BC}.Debug|x64.ActiveCfg = Debug|x64
		{41541819-5263-4A72-BA5D-796C7B1F05BC}.Debug|x64.Build.0 = Debug|x64
		{41541819-5263-4A72-BA5D-796C7B1F05BC}.Debug|x86.ActiveCfg = Debug|Win32
		{41541819-5263-4A72-BA5D-796C7B1F05BC}.Debug|x86.Build.0 = Debug|Win32
		{41541819-5263-4A72-BA5D-796C7B1F05BC}.Release|x64.ActiveCfg = Release|x64
		{41541819-5263-4A72-BA5D-796C7B1F05BC}.Release|x64.Build.0 = Release|x64
		{41541819-5263-4A72-BA5D-796C7B1F05BC}.Release|x86.ActiveCfg = Release|Win32
		{41541819-5263-4A72-BA5D-796C7B1F05BC}.Release|x86.Build.0 = Release|Win32
		{4DC34338-D58D-47C6-BDE8-ACEA829359A7}.Debug|x64.ActiveCfg = Debug|x64
		{4DC34338-D58D-47C6-BDE8-ACEA829359A7}.Debug|x64.Build.0 = Debug|x64
		{4DC34338-D58D-47C6-BDE8-ACEA829359A7}.Debug|x86.ActiveCfg = Debug|Win32
		{4DC34338-D58D-47C6-BDE8-ACEA829359A7}.Debug|x86.Build.0 = Debug|Win32
		{4DC34338-D58D-47C6-BDE8-ACEA829359A7}.Release|x64.ActiveCfg = Release|x64
		{4DC34338-D58D-47C6-BDE8-ACEA829359A7}.Release|x64.Build.0 = Release|x64
		{4DC34338-D58D-47C6-BDE8-ACEA829359A7}.Release|x86.ActiveCfg = Release|Win32
		{4DC34338-D58D-47C6-BDE8-ACEA829359A7}.Release|x86.Build.0 = Release|Win32
	EndGlobalSection
	GlobalSection(SolutionProperties) = preSolution
		HideSolutionNode = FALSE
	EndGlobalSection
	GlobalSection(ExtensibilityGlobals) = postSolution
		SolutionGuid = {625A26A9-687A-4577-85F8-EEB3A33BB78B}
	EndGlobalSection
EndGlobal
